
Microsoft Visual Studio Solution File, Format Version 12.00
# Visual Studio 15
VisualStudioVersion = 15.0.26730.10
MinimumVisualStudioVersion = 10.0.40219.1
Project("{FAE04EC0-301F-11D3-BF4B-00C04F79EFBC}") = "MathString", "testM\MathString.csproj", "{20080D52-0ADC-4205-A367-020AB32C800A}"
EndProject
Project("{9A19103F-16F7-4668-BE54-9A1E7A4F7556}") = "UnitTest", "UnitTestProject1\UnitTest.csproj", "{FAFEDA6B-D56A-499E-A245-B05E3C8C185F}"
EndProject
Global
	GlobalSection(SolutionConfigurationPlatforms) = preSolution
		Debug|Any CPU = Debug|Any CPU
		Release|Any CPU = Release|Any CPU
	EndGlobalSection
	GlobalSection(ProjectConfigurationPlatforms) = postSolution
		{20080D52-0ADC-4205-A367-020AB32C800A}.Debug|Any CPU.ActiveCfg = Debug|Any CPU
		{20080D52-0ADC-4205-A367-020AB32C800A}.Debug|Any CPU.Build.0 = Debug|Any CPU
		{20080D52-0ADC-4205-A367-020AB32C800A}.Release|Any CPU.ActiveCfg = Release|Any CPU
		{20080D52-0ADC-4205-A367-020AB32C800A}.Release|Any CPU.Build.0 = Release|Any CPU
		{FAFEDA6B-D56A-499E-A245-B05E3C8C185F}.Debug|Any CPU.ActiveCfg = Debug|Any CPU
		{FAFEDA6B-D56A-499E-A245-B05E3C8C185F}.Debug|Any CPU.Build.0 = Debug|Any CPU
		{FAFEDA6B-D56A-499E-A245-B05E3C8C185F}.Release|Any CPU.ActiveCfg = Release|Any CPU
		{FAFEDA6B-D56A-499E-A245-B05E3C8C185F}.Release|Any CPU.Build.0 = Release|Any CPU
	EndGlobalSection
	GlobalSection(SolutionProperties) = preSolution
		HideSolutionNode = FALSE
	EndGlobalSection
	GlobalSection(ExtensibilityGlobals) = postSolution
		SolutionGuid = {B8A33EF2-B3F3-4310-A3B7-8E3C5216E170}
	EndGlobalSection
EndGlobal
